
Microsoft Visual Studio Solution File, Format Version 10.00
# Visual C++ Express 2008
Project("{8BC9CEB8-8B4A-11D0-8D11-00A0C91BC942}") = "LightEngine", "LightEngine.vcproj", "{0AEBEAA5-047C-41D0-B259-9EBF7C8512CD}"
EndProject
Global
	GlobalSection(SolutionConfigurationPlatforms) = preSolution
		Debug|Win32 = Debug|Win32
		Release|Win32 = Release|Win32
	EndGlobalSection
	GlobalSection(ProjectConfigurationPlatforms) = postSolution
		{0AEBEAA5-047C-41D0-B259-9EBF7C8512CD}.Debug|Win32.ActiveCfg = Debug|Win32
		{0AEBEAA5-047C-41D0-B259-9EBF7C8512CD}.Debug|Win32.Build.0 = Debug|Win32
		{0AEBEAA5-047C-41D0-B259-9EBF7C8512CD}.Release|Win32.ActiveCfg = Release|Win32
		{0AEBEAA5-047C-41D0-B259-9EBF7C8512CD}.Release|Win32.Build.0 = Release|Win32
	EndGlobalSection
	GlobalSection(SolutionProperties) = preSolution
		HideSolutionNode = FALSE
	EndGlobalSection
EndGlobal
